
Microsoft Visual Studio Solution File, Format Version 12.00
# Visual Studio 15
VisualStudioVersion = 15.0.27004.2009
MinimumVisualStudioVersion = 10.0.40219.1
Project("{FAE04EC0-301F-11D3-BF4B-00C04F79EFBC}") = "BankOfMurica.ATMConsole", "BankOfMurica.ATMConsole\BankOfMurica.ATMConsole.csproj", "{BF6D92E8-CA92-44CF-8C9E-996F06A3F1F7}"
EndProject
Project("{FAE04EC0-301F-11D3-BF4B-00C04F79EFBC}") = "BankOfMurica.Data", "BankOfMurica.Data\BankOfMurica.Data.csproj", "{031CF156-C24D-4719-8CCB-0D7A95FAB8CF}"
EndProject
Project("{FAE04EC0-301F-11D3-BF4B-00C04F79EFBC}") = "BankOfMurica.Services", "BankOfMurica.Services\BankOfMurica.Services.csproj", "{AB00162B-2C98-4F03-ACB2-50FFA9A62B0F}"
EndProject
Project("{FAE04EC0-301F-11D3-BF4B-00C04F79EFBC}") = "BankOfMurica.Web", "BankOfMurica.Web\BankOfMurica.Web.csproj", "{606B8156-E84A-4A45-93E3-3D71F007DBB2}"
EndProject
Project("{FAE04EC0-301F-11D3-BF4B-00C04F79EFBC}") = "BankOfMurica.Models", "BankOfMurica.Models\BankOfMurica.Models.csproj", "{67AFFBC4-5788-40F2-A511-4479C8D4D55A}"
EndProject
Global
	GlobalSection(SolutionConfigurationPlatforms) = preSolution
		Debug|Any CPU = Debug|Any CPU
		Release|Any CPU = Release|Any CPU
	EndGlobalSection
	GlobalSection(ProjectConfigurationPlatforms) = postSolution
		{BF6D92E8-CA92-44CF-8C9E-996F06A3F1F7}.Debug|Any CPU.ActiveCfg = Debug|Any CPU
		{BF6D92E8-CA92-44CF-8C9E-996F06A3F1F7}.Debug|Any CPU.Build.0 = Debug|Any CPU
		{BF6D92E8-CA92-44CF-8C9E-996F06A3F1F7}.Release|Any CPU.ActiveCfg = Release|Any CPU
		{BF6D92E8-CA92-44CF-8C9E-996F06A3F1F7}.Release|Any CPU.Build.0 = Release|Any CPU
		{031CF156-C24D-4719-8CCB-0D7A95FAB8CF}.Debug|Any CPU.ActiveCfg = Debug|Any CPU
		{031CF156-C24D-4719-8CCB-0D7A95FAB8CF}.Debug|Any CPU.Build.0 = Debug|Any CPU
		{031CF156-C24D-4719-8CCB-0D7A95FAB8CF}.Release|Any CPU.ActiveCfg = Release|Any CPU
		{031CF156-C24D-4719-8CCB-0D7A95FAB8CF}.Release|Any CPU.Build.0 = Release|Any CPU
		{AB00162B-2C98-4F03-ACB2-50FFA9A62B0F}.Debug|Any CPU.ActiveCfg = Debug|Any CPU
		{AB00162B-2C98-4F03-ACB2-50FFA9A62B0F}.Debug|Any CPU.Build.0 = Debug|Any CPU
		{AB00162B-2C98-4F03-ACB2-50FFA9A62B0F}.Release|Any CPU.ActiveCfg = Release|Any CPU
		{AB00162B-2C98-4F03-ACB2-50FFA9A62B0F}.Release|Any CPU.Build.0 = Release|Any CPU
		{606B8156-E84A-4A45-93E3-3D71F007DBB2}.Debug|Any CPU.ActiveCfg = Debug|Any CPU
		{606B8156-E84A-4A45-93E3-3D71F007DBB2}.Debug|Any CPU.Build.0 = Debug|Any CPU
		{606B8156-E84A-4A45-93E3-3D71F007DBB2}.Release|Any CPU.ActiveCfg = Release|Any CPU
		{606B8156-E84A-4A45-93E3-3D71F007DBB2}.Release|Any CPU.Build.0 = Release|Any CPU
		{67AFFBC4-5788-40F2-A511-4479C8D4D55A}.Debug|Any CPU.ActiveCfg = Debug|Any CPU
		{67AFFBC4-5788-40F2-A511-4479C8D4D55A}.Debug|Any CPU.Build.0 = Debug|Any CPU
		{67AFFBC4-5788-40F2-A511-4479C8D4D55A}.Release|Any CPU.ActiveCfg = Release|Any CPU
		{67AFFBC4-5788-40F2-A511-4479C8D4D55A}.Release|Any CPU.Build.0 = Release|Any CPU
	EndGlobalSection
	GlobalSection(SolutionProperties) = preSolution
		HideSolutionNode = FALSE
	EndGlobalSection
	GlobalSection(ExtensibilityGlobals) = postSolution
		SolutionGuid = {E8F47E28-55E2-4DE0-86E4-9003FE02AA18}
	EndGlobalSection
EndGlobal
